
Microsoft Visual Studio Solution File, Format Version 12.00
# Visual Studio Version 17
VisualStudioVersion = 17.8.34330.188
MinimumVisualStudioVersion = 10.0.40219.1
Project("{FAE04EC0-301F-11D3-BF4B-00C04F79EFBC}") = "ConsoleApp15", "ConsoleApp15\ConsoleApp15.csproj", "{BEB86284-F3CB-4148-8F61-E0946D6879F2}"
EndProject
Global
	GlobalSection(SolutionConfigurationPlatforms) = preSolution
		Debug|Any CPU = Debug|Any CPU
		Release|Any CPU = Release|Any CPU
	EndGlobalSection
	GlobalSection(ProjectConfigurationPlatforms) = postSolution
		{BEB86284-F3CB-4148-8F61-E0946D6879F2}.Debug|Any CPU.ActiveCfg = Debug|Any CPU
		{BEB86284-F3CB-4148-8F61-E0946D6879F2}.Debug|Any CPU.Build.0 = Debug|Any CPU
		{BEB86284-F3CB-4148-8F61-E0946D6879F2}.Release|Any CPU.ActiveCfg = Release|Any CPU
		{BEB86284-F3CB-4148-8F61-E0946D6879F2}.Release|Any CPU.Build.0 = Release|Any CPU
	EndGlobalSection
	GlobalSection(SolutionProperties) = preSolution
		HideSolutionNode = FALSE
	EndGlobalSection
	GlobalSection(ExtensibilityGlobals) = postSolution
		SolutionGuid = {F124396F-856F-4067-81A9-B7F9646F5DD4}
	EndGlobalSection
EndGlobal
